
Microsoft Visual Studio Solution File, Format Version 12.00
# Visual Studio Version 17
VisualStudioVersion = 17.9.34723.18
MinimumVisualStudioVersion = 10.0.40219.1
Project("{FAE04EC0-301F-11D3-BF4B-00C04F79EFBC}") = "zaawansowane programowenie projekt", "zaawansowane programowenie projekt\zaawansowane programowenie projekt.csproj", "{79CD562B-BB9C-4A85-9526-1B4F85099584}"
EndProject
Global
	GlobalSection(SolutionConfigurationPlatforms) = preSolution
		Debug|Any CPU = Debug|Any CPU
		Release|Any CPU = Release|Any CPU
	EndGlobalSection
	GlobalSection(ProjectConfigurationPlatforms) = postSolution
		{79CD562B-BB9C-4A85-9526-1B4F85099584}.Debug|Any CPU.ActiveCfg = Debug|Any CPU
		{79CD562B-BB9C-4A85-9526-1B4F85099584}.Debug|Any CPU.Build.0 = Debug|Any CPU
		{79CD562B-BB9C-4A85-9526-1B4F85099584}.Release|Any CPU.ActiveCfg = Release|Any CPU
		{79CD562B-BB9C-4A85-9526-1B4F85099584}.Release|Any CPU.Build.0 = Release|Any CPU
	EndGlobalSection
	GlobalSection(SolutionProperties) = preSolution
		HideSolutionNode = FALSE
	EndGlobalSection
	GlobalSection(ExtensibilityGlobals) = postSolution
		SolutionGuid = {F00FDBF3-DE42-428F-B8F0-110C112A6A2B}
	EndGlobalSection
EndGlobal
